
Microsoft Visual Studio Solution File, Format Version 12.00
# Visual Studio Version 17
VisualStudioVersion = 17.11.35222.181
MinimumVisualStudioVersion = 10.0.40219.1
Project("{9A19103F-16F7-4668-BE54-9A1E7A4F7556}") = "ProyectosMini", "ProyectosMini.csproj", "{9782F612-FCEE-4407-960F-6AC6793C0710}"
EndProject
Project("{FAE04EC0-301F-11D3-BF4B-00C04F79EFBC}") = "BibliotecaAnimales", "..\BibliotecaAnimales\BibliotecaAnimales.csproj", "{1440BDE9-3081-4E82-9571-4F91D6C4BD1D}"
EndProject
Global
	GlobalSection(SolutionConfigurationPlatforms) = preSolution
		Debug|Any CPU = Debug|Any CPU
		Release|Any CPU = Release|Any CPU
	EndGlobalSection
	GlobalSection(ProjectConfigurationPlatforms) = postSolution
		{9782F612-FCEE-4407-960F-6AC6793C0710}.Debug|Any CPU.ActiveCfg = Debug|Any CPU
		{9782F612-FCEE-4407-960F-6AC6793C0710}.Debug|Any CPU.Build.0 = Debug|Any CPU
		{9782F612-FCEE-4407-960F-6AC6793C0710}.Release|Any CPU.ActiveCfg = Release|Any CPU
		{9782F612-FCEE-4407-960F-6AC6793C0710}.Release|Any CPU.Build.0 = Release|Any CPU
		{1440BDE9-3081-4E82-9571-4F91D6C4BD1D}.Debug|Any CPU.ActiveCfg = Debug|Any CPU
		{1440BDE9-3081-4E82-9571-4F91D6C4BD1D}.Debug|Any CPU.Build.0 = Debug|Any CPU
		{1440BDE9-3081-4E82-9571-4F91D6C4BD1D}.Release|Any CPU.ActiveCfg = Release|Any CPU
		{1440BDE9-3081-4E82-9571-4F91D6C4BD1D}.Release|Any CPU.Build.0 = Release|Any CPU
	EndGlobalSection
	GlobalSection(SolutionProperties) = preSolution
		HideSolutionNode = FALSE
	EndGlobalSection
	GlobalSection(ExtensibilityGlobals) = postSolution
		SolutionGuid = {ED08D926-5523-47AE-B7C9-668C1693A3AA}
	EndGlobalSection
EndGlobal
